Microsoft Visual Studio Solution File, Format Version 12.00
# Visual Studio Version 16
VisualStudioVersion = 16.0.30406.217
MinimumVisualStudioVersion = 10.0.40219.1
Project("{FAE04EC0-301F-11D3-BF4B-00C04F79EFBC}") = "Export", "Export.csproj", "{8442E913-4188-4EB1-99D5-EF44F25CB7EC}"
EndProject
Global
	GlobalSection(SolutionConfigurationPlatforms) = preSolution
		Debug|Any CPU = Debug|Any CPU
		Release|Any CPU = Release|Any CPU
	EndGlobalSection
	GlobalSection(ProjectConfigurationPlatforms) = postSolution
		{8442E913-4188-4EB1-99D5-EF44F25CB7EC}.Debug|Any CPU.ActiveCfg = Debug|Any CPU
		{8442E913-4188-4EB1-99D5-EF44F25CB7EC}.Debug|Any CPU.Build.0 = Debug|Any CPU
		{8442E913-4188-4EB1-99D5-EF44F25CB7EC}.Release|Any CPU.ActiveCfg = Release|Any CPU
		{8442E913-4188-4EB1-99D5-EF44F25CB7EC}.Release|Any CPU.Build.0 = Release|Any CPU
	EndGlobalSection
	GlobalSection(SolutionProperties) = preSolution
		HideSolutionNode = FALSE
	EndGlobalSection
	GlobalSection(ExtensibilityGlobals) = postSolution
		SolutionGuid = {EFD3FF2A-4BB5-43AE-B661-2B4A337BB7AC}
	EndGlobalSection
EndGlobal
