
Microsoft Visual Studio Solution File, Format Version 12.00
# Visual Studio Version 16
VisualStudioVersion = 16.0.30406.217
MinimumVisualStudioVersion = 10.0.40219.1
Project("{FAE04EC0-301F-11D3-BF4B-00C04F79EFBC}") = "ServerApp", "Server\ServerApp\ServerApp.csproj", "{62DE4A34-824D-463B-AE2F-600B9CAD7893}"
EndProject
Project("{2150E333-8FDC-42A3-9474-1A3956D46DE8}") = "Server", "Server", "{287EC8CF-FEEE-40A5-856C-FDC7D00D1127}"
EndProject
Project("{2150E333-8FDC-42A3-9474-1A3956D46DE8}") = "Client", "Client", "{434EB670-8E75-4017-BF37-82D02F618815}"
EndProject
Project("{FAE04EC0-301F-11D3-BF4B-00C04F79EFBC}") = "LcsClient", "Client\LcsClient\LcsClient.csproj", "{F0F318D1-0CCD-45EC-8DC9-DDA13B2A8869}"
EndProject
Project("{FAE04EC0-301F-11D3-BF4B-00C04F79EFBC}") = "DBHelper", "Server\DBHelper\DBHelper.csproj", "{DC7F176D-B1BD-4206-8A17-5DB0D851FBEE}"
EndProject
Project("{2150E333-8FDC-42A3-9474-1A3956D46DE8}") = "common", "common", "{03CA3811-0D9E-4529-B10E-B79493BBD763}"
EndProject
Project("{FAE04EC0-301F-11D3-BF4B-00C04F79EFBC}") = "Library.Basic", "Client\Common\Library.Basic\Library.Basic.csproj", "{405967ED-BF6D-4C70-8862-EA68B324E740}"
EndProject
Project("{FAE04EC0-301F-11D3-BF4B-00C04F79EFBC}") = "Library.DataAccess", "Client\Common\Library.DataAccess\Library.DataAccess.csproj", "{9C6F8306-88BC-4CB0-8E1B-45AC56AE44A8}"
EndProject
Project("{FAE04EC0-301F-11D3-BF4B-00C04F79EFBC}") = "Lcs.DataAccess", "Client\Lcs.DataAccess\Lcs.DataAccess.csproj", "{D140F074-0D57-4F6D-9769-A6B0B5C865A9}"
EndProject
Project("{2150E333-8FDC-42A3-9474-1A3956D46DE8}") = "Web", "Web", "{A3D4F490-74F5-4CC6-AF54-7FE6169B51A6}"
EndProject
Project("{FAE04EC0-301F-11D3-BF4B-00C04F79EFBC}") = "SqlSugarHelpTool", "Client\SqlSugarHelpTool\SqlSugarHelpTool.csproj", "{EBF52786-96BE-4756-8DA3-529F333ACFDE}"
EndProject
Project("{9A19103F-16F7-4668-BE54-9A1E7A4F7556}") = "LcsWebAPI", "Web\LcsWebAPI\LcsWebAPI.csproj", "{65C7A1D1-D8D2-4D13-8643-57E0A56B81FE}"
EndProject
Project("{FAE04EC0-301F-11D3-BF4B-00C04F79EFBC}") = "LCSClientApplication", "Client\LCSClientApplication\LCSClientApplication.csproj", "{7ECA505C-5C2D-4A55-8675-FDF22D547058}"
EndProject
Project("{FAE04EC0-301F-11D3-BF4B-00C04F79EFBC}") = "Export", "Client\3.Export\Export.csproj", "{8442E913-4188-4EB1-99D5-EF44F25CB7EC}"
EndProject
Project("{2150E333-8FDC-42A3-9474-1A3956D46DE8}") = "Platform", "Platform", "{65F3F5EE-7211-48ED-8395-0BFC3A1A3FF3}"
EndProject
Project("{FAE04EC0-301F-11D3-BF4B-00C04F79EFBC}") = "LcsClientEntity", "Client\LcsClientEntity\LcsClientEntity.csproj", "{EA56439C-5886-470F-8D17-8433C10B66F3}"
EndProject
Project("{9A19103F-16F7-4668-BE54-9A1E7A4F7556}") = "CloudDBEntity2", "Web\CloudDBEntity2\CloudDBEntity2.csproj", "{55C0CD3C-F6B3-4A7B-B824-2D7D89F2E0A9}"
EndProject
Project("{FAE04EC0-301F-11D3-BF4B-00C04F79EFBC}") = "PagerLib", "Platform\PagerLib\PagerLib.csproj", "{DFC93A92-D0B6-4FD0-B3B9-612593C8C7D2}"
EndProject
Project("{FAE04EC0-301F-11D3-BF4B-00C04F79EFBC}") = "IniConfigHelper", "Platform\IniConfigHelper\IniConfigHelper.csproj", "{7ABE0735-1BA6-4CA7-98BF-32517C8AB645}"
EndProject
Global
	GlobalSection(SolutionConfigurationPlatforms) = preSolution
		Debug|Any CPU = Debug|Any CPU
		Debug|x86 = Debug|x86
		Release|Any CPU = Release|Any CPU
		Release|x86 = Release|x86
	EndGlobalSection
	GlobalSection(ProjectConfigurationPlatforms) = postSolution
		{62DE4A34-824D-463B-AE2F-600B9CAD7893}.Debug|Any CPU.ActiveCfg = Debug|Any CPU
		{62DE4A34-824D-463B-AE2F-600B9CAD7893}.Debug|Any CPU.Build.0 = Debug|Any CPU
		{62DE4A34-824D-463B-AE2F-600B9CAD7893}.Debug|x86.ActiveCfg = Debug|Any CPU
		{62DE4A34-824D-463B-AE2F-600B9CAD7893}.Debug|x86.Build.0 = Debug|Any CPU
		{62DE4A34-824D-463B-AE2F-600B9CAD7893}.Release|Any CPU.ActiveCfg = Release|Any CPU
		{62DE4A34-824D-463B-AE2F-600B9CAD7893}.Release|Any CPU.Build.0 = Release|Any CPU
		{62DE4A34-824D-463B-AE2F-600B9CAD7893}.Release|x86.ActiveCfg = Release|Any CPU
		{62DE4A34-824D-463B-AE2F-600B9CAD7893}.Release|x86.Build.0 = Release|Any CPU
		{F0F318D1-0CCD-45EC-8DC9-DDA13B2A8869}.Debug|Any CPU.ActiveCfg = Debug|Any CPU
		{F0F318D1-0CCD-45EC-8DC9-DDA13B2A8869}.Debug|Any CPU.Build.0 = Debug|Any CPU
		{F0F318D1-0CCD-45EC-8DC9-DDA13B2A8869}.Debug|x86.ActiveCfg = Debug|Any CPU
		{F0F318D1-0CCD-45EC-8DC9-DDA13B2A8869}.Debug|x86.Build.0 = Debug|Any CPU
		{F0F318D1-0CCD-45EC-8DC9-DDA13B2A8869}.Release|Any CPU.ActiveCfg = Release|Any CPU
		{F0F318D1-0CCD-45EC-8DC9-DDA13B2A8869}.Release|Any CPU.Build.0 = Release|Any CPU
		{F0F318D1-0CCD-45EC-8DC9-DDA13B2A8869}.Release|x86.ActiveCfg = Release|Any CPU
		{F0F318D1-0CCD-45EC-8DC9-DDA13B2A8869}.Release|x86.Build.0 = Release|Any CPU
		{DC7F176D-B1BD-4206-8A17-5DB0D851FBEE}.Debug|Any CPU.ActiveCfg = Debug|Any CPU
		{DC7F176D-B1BD-4206-8A17-5DB0D851FBEE}.Debug|Any CPU.Build.0 = Debug|Any CPU
		{DC7F176D-B1BD-4206-8A17-5DB0D851FBEE}.Debug|x86.ActiveCfg = Debug|Any CPU
		{DC7F176D-B1BD-4206-8A17-5DB0D851FBEE}.Debug|x86.Build.0 = Debug|Any CPU
		{DC7F176D-B1BD-4206-8A17-5DB0D851FBEE}.Release|Any CPU.ActiveCfg = Release|Any CPU
		{DC7F176D-B1BD-4206-8A17-5DB0D851FBEE}.Release|Any CPU.Build.0 = Release|Any CPU
		{DC7F176D-B1BD-4206-8A17-5DB0D851FBEE}.Release|x86.ActiveCfg = Release|Any CPU
		{DC7F176D-B1BD-4206-8A17-5DB0D851FBEE}.Release|x86.Build.0 = Release|Any CPU
		{405967ED-BF6D-4C70-8862-EA68B324E740}.Debug|Any CPU.ActiveCfg = Debug|Any CPU
		{405967ED-BF6D-4C70-8862-EA68B324E740}.Debug|Any CPU.Build.0 = Debug|Any CPU
		{405967ED-BF6D-4C70-8862-EA68B324E740}.Debug|x86.ActiveCfg = Debug|x86
		{405967ED-BF6D-4C70-8862-EA68B324E740}.Debug|x86.Build.0 = Debug|x86
		{405967ED-BF6D-4C70-8862-EA68B324E740}.Release|Any CPU.ActiveCfg = Release|Any CPU
		{405967ED-BF6D-4C70-8862-EA68B324E740}.Release|Any CPU.Build.0 = Release|Any CPU
		{405967ED-BF6D-4C70-8862-EA68B324E740}.Release|x86.ActiveCfg = Release|x86
		{405967ED-BF6D-4C70-8862-EA68B324E740}.Release|x86.Build.0 = Release|x86
		{9C6F8306-88BC-4CB0-8E1B-45AC56AE44A8}.Debug|Any CPU.ActiveCfg = Debug|Any CPU
		{9C6F8306-88BC-4CB0-8E1B-45AC56AE44A8}.Debug|Any CPU.Build.0 = Debug|Any CPU
		{9C6F8306-88BC-4CB0-8E1B-45AC56AE44A8}.Debug|x86.ActiveCfg = Debug|x86
		{9C6F8306-88BC-4CB0-8E1B-45AC56AE44A8}.Debug|x86.Build.0 = Debug|x86
		{9C6F8306-88BC-4CB0-8E1B-45AC56AE44A8}.Release|Any CPU.ActiveCfg = Release|Any CPU
		{9C6F8306-88BC-4CB0-8E1B-45AC56AE44A8}.Release|Any CPU.Build.0 = Release|Any CPU
		{9C6F8306-88BC-4CB0-8E1B-45AC56AE44A8}.Release|x86.ActiveCfg = Release|x86
		{9C6F8306-88BC-4CB0-8E1B-45AC56AE44A8}.Release|x86.Build.0 = Release|x86
		{D140F074-0D57-4F6D-9769-A6B0B5C865A9}.Debug|Any CPU.ActiveCfg = Debug|Any CPU
		{D140F074-0D57-4F6D-9769-A6B0B5C865A9}.Debug|Any CPU.Build.0 = Debug|Any CPU
		{D140F074-0D57-4F6D-9769-A6B0B5C865A9}.Debug|x86.ActiveCfg = Debug|Any CPU
		{D140F074-0D57-4F6D-9769-A6B0B5C865A9}.Debug|x86.Build.0 = Debug|Any CPU
		{D140F074-0D57-4F6D-9769-A6B0B5C865A9}.Release|Any CPU.ActiveCfg = Release|Any CPU
		{D140F074-0D57-4F6D-9769-A6B0B5C865A9}.Release|Any CPU.Build.0 = Release|Any CPU
		{D140F074-0D57-4F6D-9769-A6B0B5C865A9}.Release|x86.ActiveCfg = Release|Any CPU
		{D140F074-0D57-4F6D-9769-A6B0B5C865A9}.Release|x86.Build.0 = Release|Any CPU
		{EBF52786-96BE-4756-8DA3-529F333ACFDE}.Debug|Any CPU.ActiveCfg = Debug|Any CPU
		{EBF52786-96BE-4756-8DA3-529F333ACFDE}.Debug|Any CPU.Build.0 = Debug|Any CPU
		{EBF52786-96BE-4756-8DA3-529F333ACFDE}.Debug|x86.ActiveCfg = Debug|Any CPU
		{EBF52786-96BE-4756-8DA3-529F333ACFDE}.Debug|x86.Build.0 = Debug|Any CPU
		{EBF52786-96BE-4756-8DA3-529F333ACFDE}.Release|Any CPU.ActiveCfg = Release|Any CPU
		{EBF52786-96BE-4756-8DA3-529F333ACFDE}.Release|Any CPU.Build.0 = Release|Any CPU
		{EBF52786-96BE-4756-8DA3-529F333ACFDE}.Release|x86.ActiveCfg = Release|Any CPU
		{EBF52786-96BE-4756-8DA3-529F333ACFDE}.Release|x86.Build.0 = Release|Any CPU
		{65C7A1D1-D8D2-4D13-8643-57E0A56B81FE}.Debug|Any CPU.ActiveCfg = Debug|Any CPU
		{65C7A1D1-D8D2-4D13-8643-57E0A56B81FE}.Debug|Any CPU.Build.0 = Debug|Any CPU
		{65C7A1D1-D8D2-4D13-8643-57E0A56B81FE}.Debug|x86.ActiveCfg = Debug|Any CPU
		{65C7A1D1-D8D2-4D13-8643-57E0A56B81FE}.Debug|x86.Build.0 = Debug|Any CPU
		{65C7A1D1-D8D2-4D13-8643-57E0A56B81FE}.Release|Any CPU.ActiveCfg = Release|Any CPU
		{65C7A1D1-D8D2-4D13-8643-57E0A56B81FE}.Release|Any CPU.Build.0 = Release|Any CPU
		{65C7A1D1-D8D2-4D13-8643-57E0A56B81FE}.Release|x86.ActiveCfg = Release|Any CPU
		{65C7A1D1-D8D2-4D13-8643-57E0A56B81FE}.Release|x86.Build.0 = Release|Any CPU
		{7ECA505C-5C2D-4A55-8675-FDF22D547058}.Debug|Any CPU.ActiveCfg = Debug|Any CPU
		{7ECA505C-5C2D-4A55-8675-FDF22D547058}.Debug|Any CPU.Build.0 = Debug|Any CPU
		{7ECA505C-5C2D-4A55-8675-FDF22D547058}.Debug|x86.ActiveCfg = Debug|Any CPU
		{7ECA505C-5C2D-4A55-8675-FDF22D547058}.Debug|x86.Build.0 = Debug|Any CPU
		{7ECA505C-5C2D-4A55-8675-FDF22D547058}.Release|Any CPU.ActiveCfg = Release|Any CPU
		{7ECA505C-5C2D-4A55-8675-FDF22D547058}.Release|Any CPU.Build.0 = Release|Any CPU
		{7ECA505C-5C2D-4A55-8675-FDF22D547058}.Release|x86.ActiveCfg = Release|Any CPU
		{7ECA505C-5C2D-4A55-8675-FDF22D547058}.Release|x86.Build.0 = Release|Any CPU
		{8442E913-4188-4EB1-99D5-EF44F25CB7EC}.Debug|Any CPU.ActiveCfg = Debug|Any CPU
		{8442E913-4188-4EB1-99D5-EF44F25CB7EC}.Debug|Any CPU.Build.0 = Debug|Any CPU
		{8442E913-4188-4EB1-99D5-EF44F25CB7EC}.Debug|x86.ActiveCfg = Debug|Any CPU
		{8442E913-4188-4EB1-99D5-EF44F25CB7EC}.Debug|x86.Build.0 = Debug|Any CPU
		{8442E913-4188-4EB1-99D5-EF44F25CB7EC}.Release|Any CPU.ActiveCfg = Release|Any CPU
		{8442E913-4188-4EB1-99D5-EF44F25CB7EC}.Release|Any CPU.Build.0 = Release|Any CPU
		{8442E913-4188-4EB1-99D5-EF44F25CB7EC}.Release|x86.ActiveCfg = Release|Any CPU
		{8442E913-4188-4EB1-99D5-EF44F25CB7EC}.Release|x86.Build.0 = Release|Any CPU
		{EA56439C-5886-470F-8D17-8433C10B66F3}.Debug|Any CPU.ActiveCfg = Debug|Any CPU
		{EA56439C-5886-470F-8D17-8433C10B66F3}.Debug|Any CPU.Build.0 = Debug|Any CPU
		{EA56439C-5886-470F-8D17-8433C10B66F3}.Debug|x86.ActiveCfg = Debug|Any CPU
		{EA56439C-5886-470F-8D17-8433C10B66F3}.Debug|x86.Build.0 = Debug|Any CPU
		{EA56439C-5886-470F-8D17-8433C10B66F3}.Release|Any CPU.ActiveCfg = Release|Any CPU
		{EA56439C-5886-470F-8D17-8433C10B66F3}.Release|Any CPU.Build.0 = Release|Any CPU
		{EA56439C-5886-470F-8D17-8433C10B66F3}.Release|x86.ActiveCfg = Release|Any CPU
		{EA56439C-5886-470F-8D17-8433C10B66F3}.Release|x86.Build.0 = Release|Any CPU
		{55C0CD3C-F6B3-4A7B-B824-2D7D89F2E0A9}.Debug|Any CPU.ActiveCfg = Debug|Any CPU
		{55C0CD3C-F6B3-4A7B-B824-2D7D89F2E0A9}.Debug|Any CPU.Build.0 = Debug|Any CPU
		{55C0CD3C-F6B3-4A7B-B824-2D7D89F2E0A9}.Debug|x86.ActiveCfg = Debug|Any CPU
		{55C0CD3C-F6B3-4A7B-B824-2D7D89F2E0A9}.Debug|x86.Build.0 = Debug|Any CPU
		{55C0CD3C-F6B3-4A7B-B824-2D7D89F2E0A9}.Release|Any CPU.ActiveCfg = Release|Any CPU
		{55C0CD3C-F6B3-4A7B-B824-2D7D89F2E0A9}.Release|Any CPU.Build.0 = Release|Any CPU
		{55C0CD3C-F6B3-4A7B-B824-2D7D89F2E0A9}.Release|x86.ActiveCfg = Release|Any CPU
		{55C0CD3C-F6B3-4A7B-B824-2D7D89F2E0A9}.Release|x86.Build.0 = Release|Any CPU
		{DFC93A92-D0B6-4FD0-B3B9-612593C8C7D2}.Debug|Any CPU.ActiveCfg = Debug|Any CPU
		{DFC93A92-D0B6-4FD0-B3B9-612593C8C7D2}.Debug|Any CPU.Build.0 = Debug|Any CPU
		{DFC93A92-D0B6-4FD0-B3B9-612593C8C7D2}.Debug|x86.ActiveCfg = Debug|Any CPU
		{DFC93A92-D0B6-4FD0-B3B9-612593C8C7D2}.Debug|x86.Build.0 = Debug|Any CPU
		{DFC93A92-D0B6-4FD0-B3B9-612593C8C7D2}.Release|Any CPU.ActiveCfg = Release|Any CPU
		{DFC93A92-D0B6-4FD0-B3B9-612593C8C7D2}.Release|Any CPU.Build.0 = Release|Any CPU
		{DFC93A92-D0B6-4FD0-B3B9-612593C8C7D2}.Release|x86.ActiveCfg = Release|Any CPU
		{DFC93A92-D0B6-4FD0-B3B9-612593C8C7D2}.Release|x86.Build.0 = Release|Any CPU
		{7ABE0735-1BA6-4CA7-98BF-32517C8AB645}.Debug|Any CPU.ActiveCfg = Debug|Any CPU
		{7ABE0735-1BA6-4CA7-98BF-32517C8AB645}.Debug|Any CPU.Build.0 = Debug|Any CPU
		{7ABE0735-1BA6-4CA7-98BF-32517C8AB645}.Debug|x86.ActiveCfg = Debug|Any CPU
		{7ABE0735-1BA6-4CA7-98BF-32517C8AB645}.Debug|x86.Build.0 = Debug|Any CPU
		{7ABE0735-1BA6-4CA7-98BF-32517C8AB645}.Release|Any CPU.ActiveCfg = Release|Any CPU
		{7ABE0735-1BA6-4CA7-98BF-32517C8AB645}.Release|Any CPU.Build.0 = Release|Any CPU
		{7ABE0735-1BA6-4CA7-98BF-32517C8AB645}.Release|x86.ActiveCfg = Release|Any CPU
		{7ABE0735-1BA6-4CA7-98BF-32517C8AB645}.Release|x86.Build.0 = Release|Any CPU
	EndGlobalSection
	GlobalSection(SolutionProperties) = preSolution
		HideSolutionNode = FALSE
	EndGlobalSection
	GlobalSection(NestedProjects) = preSolution
		{62DE4A34-824D-463B-AE2F-600B9CAD7893} = {287EC8CF-FEEE-40A5-856C-FDC7D00D1127}
		{F0F318D1-0CCD-45EC-8DC9-DDA13B2A8869} = {434EB670-8E75-4017-BF37-82D02F618815}
		{DC7F176D-B1BD-4206-8A17-5DB0D851FBEE} = {287EC8CF-FEEE-40A5-856C-FDC7D00D1127}
		{03CA3811-0D9E-4529-B10E-B79493BBD763} = {434EB670-8E75-4017-BF37-82D02F618815}
		{405967ED-BF6D-4C70-8862-EA68B324E740} = {03CA3811-0D9E-4529-B10E-B79493BBD763}
		{9C6F8306-88BC-4CB0-8E1B-45AC56AE44A8} = {03CA3811-0D9E-4529-B10E-B79493BBD763}
		{D140F074-0D57-4F6D-9769-A6B0B5C865A9} = {434EB670-8E75-4017-BF37-82D02F618815}
		{EBF52786-96BE-4756-8DA3-529F333ACFDE} = {434EB670-8E75-4017-BF37-82D02F618815}
		{65C7A1D1-D8D2-4D13-8643-57E0A56B81FE} = {A3D4F490-74F5-4CC6-AF54-7FE6169B51A6}
		{7ECA505C-5C2D-4A55-8675-FDF22D547058} = {434EB670-8E75-4017-BF37-82D02F618815}
		{8442E913-4188-4EB1-99D5-EF44F25CB7EC} = {434EB670-8E75-4017-BF37-82D02F618815}
		{EA56439C-5886-470F-8D17-8433C10B66F3} = {434EB670-8E75-4017-BF37-82D02F618815}
		{55C0CD3C-F6B3-4A7B-B824-2D7D89F2E0A9} = {A3D4F490-74F5-4CC6-AF54-7FE6169B51A6}
		{DFC93A92-D0B6-4FD0-B3B9-612593C8C7D2} = {65F3F5EE-7211-48ED-8395-0BFC3A1A3FF3}
		{7ABE0735-1BA6-4CA7-98BF-32517C8AB645} = {65F3F5EE-7211-48ED-8395-0BFC3A1A3FF3}
	EndGlobalSection
	GlobalSection(ExtensibilityGlobals) = postSolution
		SolutionGuid = {82464139-51F9-4CA5-982E-CC1210BA97C5}
	EndGlobalSection
EndGlobal
